// !$*UTF8*$!
{
	archiveVersion = 1;
	classes = {
	};
	objectVersion = 46;
	objects = {

/* Begin PBXBuildFile section */
		75FF5D411C887911006A5D9E /* AppDelegate.swift in Sources */ = {isa = PBXBuildFile; fileRef = 75FF5D401C887910006A5D9E /* AppDelegate.swift */; };
		75FF5D431C887911006A5D9E /* ViewController.swift in Sources */ = {isa = PBXBuildFile; fileRef = 75FF5D421C887911006A5D9E /* ViewController.swift */; };
		75FF5D461C887911006A5D9E /* Main.storyboard in Resources */ = {isa = PBXBuildFile; fileRef = 75FF5D441C887911006A5D9E /* Main.storyboard */; };
		75FF5D481C887911006A5D9E /* Assets.xcassets in Resources */ = {isa = PBXBuildFile; fileRef = 75FF5D471C887911006A5D9E /* Assets.xcassets */; };
		75FF5D4B1C887911006A5D9E /* LaunchScreen.storyboard in Resources */ = {isa = PBXBuildFile; fileRef = 75FF5D491C887911006A5D9E /* LaunchScreen.storyboard */; };
		75FF5D561C887911006A5D9E /* LoginTests.swift in Sources */ = {isa = PBXBuildFile; fileRef = 75FF5D551C887911006A5D9E /* LoginTests.swift */; };
		75FF5D611C887911006A5D9E /* LoginUITests.swift in Sources */ = {isa = PBXBuildFile; fileRef = 75FF5D601C887911006A5D9E /* LoginUITests.swift */; };
		75FF5D6F1C8920BD006A5D9E /* SplasViewController.swift in Sources */ = {isa = PBXBuildFile; fileRef = 75FF5D6E1C8920BD006A5D9E /* SplasViewController.swift */; };
/* End PBXBuildFile section */

/* Begin PBXContainerItemProxy section */
		75FF5D521C887911006A5D9E /* PBXContainerItemProxy */ = {
			isa = PBXContainerItemProxy;
			containerPortal = 75FF5D351C887910006A5D9E /* Project object */;
			proxyType = 1;
			remoteGlobalIDString = 75FF5D3C1C887910006A5D9E;
			remoteInfo = Login;
		};
		75FF5D5D1C887911006A5D9E /* PBXContainerItemProxy */ = {
			isa = PBXContainerItemProxy;
			containerPortal = 75FF5D351C887910006A5D9E /* Project object */;
			proxyType = 1;
			remoteGlobalIDString = 75FF5D3C1C887910006A5D9E;
			remoteInfo = Login;
		};
/* End PBXContainerItemProxy section */

/* Begin PBXFileReference section */
		75FF5D3D1C887910006A5D9E /* Login.app */ = {isa = PBXFileReference; explicitFileType = wrapper.application; includeInIndex = 0; path = Login.app; sourceTree = BUILT_PRODUCTS_DIR; };
		75FF5D401C887910006A5D9E /* AppDelegate.swift */ = {isa = PBXFileReference; lastKnownFileType = sourcecode.swift; path = AppDelegate.swift; sourceTree = "<group>"; };
		75FF5D421C887911006A5D9E /* ViewController.swift */ = {isa = PBXFileReference; lastKnownFileType = sourcecode.swift; path = ViewController.swift; sourceTree = "<group>"; };
		75FF5D451C887911006A5D9E /* Base */ = {isa = PBXFileReference; lastKnownFileType = file.storyboard; name = Base; path = Base.lproj/Main.storyboard; sourceTree = "<group>"; };
		75FF5D471C887911006A5D9E /* Assets.xcassets */ = {isa = PBXFileReference; lastKnownFileType = folder.assetcatalog; path = Assets.xcassets; sourceTree = "<group>"; };
		75FF5D4A1C887911006A5D9E /* Base */ = {isa = PBXFileReference; lastKnownFileType = file.storyboard; name = Base; path = Base.lproj/LaunchScreen.storyboard; sourceTree = "<group>"; };
		75FF5D4C1C887911006A5D9E /* Info.plist */ = {isa = PBXFileReference; lastKnownFileType = text.plist.xml; path = Info.plist; sourceTree = "<group>"; };
		75FF5D511C887911006A5D9E /* LoginTests.xctest */ = {isa = PBXFileReference; explicitFileType = wrapper.cfbundle; includeInIndex = 0; path = LoginTests.xctest; sourceTree = BUILT_PRODUCTS_DIR; };
		75FF5D551C887911006A5D9E /* LoginTests.swift */ = {isa = PBXFileReference; lastKnownFileType = sourcecode.swift; path = LoginTests.swift; sourceTree = "<group>"; };
		75FF5D571C887911006A5D9E /* Info.plist */ = {isa = PBXFileReference; lastKnownFileType = text.plist.xml; path = Info.plist; sourceTree = "<group>"; };
		75FF5D5C1C887911006A5D9E /* LoginUITests.xctest */ = {isa = PBXFileReference; explicitFileType = wrapper.cfbundle; includeInIndex = 0; path = LoginUITests.xctest; sourceTree = BUILT_PRODUCTS_DIR; };
		75FF5D601C887911006A5D9E /* LoginUITests.swift */ = {isa = PBXFileReference; lastKnownFileType = sourcecode.swift; path = LoginUITests.swift; sourceTree = "<group>"; };
		75FF5D621C887911006A5D9E /* Info.plist */ = {isa = PBXFileReference; lastKnownFileType = text.plist.xml; path = Info.plist; sourceTree = "<group>"; };
		75FF5D6E1C8920BD006A5D9E /* SplasViewController.swift */ = {isa = PBXFileReference; fileEncoding = 4; lastKnownFileType = sourcecode.swift; path = SplasViewController.swift; sourceTree = "<group>"; };
/* End PBXFileReference section */

/* Begin PBXFrameworksBuildPhase section */
		75FF5D3A1C887910006A5D9E /* Frameworks */ = {
			isa = PBXFrameworksBuildPhase;
			buildActionMask = 2147483647;
			files = (
			);
			runOnlyForDeploymentPostprocessing = 0;
		};
		75FF5D4E1C887911006A5D9E /* Frameworks */ = {
			isa = PBXFrameworksBuildPhase;
			buildActionMask = 2147483647;
			files = (
			);
			runOnlyForDeploymentPostprocessing = 0;
		};
		75FF5D591C887911006A5D9E /* Frameworks */ = {
			isa = PBXFrameworksBuildPhase;
			buildActionMask = 2147483647;
			files = (
			);
			runOnlyForDeploymentPostprocessing = 0;
		};
/* End PBXFrameworksBuildPhase section */

/* Begin PBXGroup section */
		75FF5D341C887910006A5D9E = {
			isa = PBXGroup;
			children = (
				75FF5D3F1C887910006A5D9E /* Login */,
				75FF5D541C887911006A5D9E /* LoginTests */,
				75FF5D5F1C887911006A5D9E /* LoginUITests */,
				75FF5D3E1C887910006A5D9E /* Products */,
			);
			sourceTree = "<group>";
		};
		75FF5D3E1C887910006A5D9E /* Products */ = {
			isa = PBXGroup;
			children = (
				75FF5D3D1C887910006A5D9E /* Login.app */,
				75FF5D511C887911006A5D9E /* LoginTests.xctest */,
				75FF5D5C1C887911006A5D9E /* LoginUITests.xctest */,
			);
			name = Products;
			sourceTree = "<group>";
		};
		75FF5D3F1C887910006A5D9E /* Login */ = {
			isa = PBXGroup;
			children = (
				75FF5D401C887910006A5D9E /* AppDelegate.swift */,
				75FF5D421C887911006A5D9E /* ViewController.swift */,
				75FF5D441C887911006A5D9E /* Main.storyboard */,
				75FF5D6E1C8920BD006A5D9E /* SplasViewController.swift */,
				75FF5D471C887911006A5D9E /* Assets.xcassets */,
				75FF5D491C887911006A5D9E /* LaunchScreen.storyboard */,
				75FF5D4C1C887911006A5D9E /* Info.plist */,
			);
			path = Login;
			sourceTree = "<group>";
		};
		75FF5D541C887911006A5D9E /* LoginTests */ = {
			isa = PBXGroup;
			children = (
				75FF5D551C887911006A5D9E /* LoginTests.swift */,
				75FF5D571C887911006A5D9E /* Info.plist */,
			);
			path = LoginTests;
			sourceTree = "<group>";
		};
		75FF5D5F1C887911006A5D9E /* LoginUITests */ = {
			isa = PBXGroup;
			children = (
				75FF5D601C887911006A5D9E /* LoginUITests.swift */,
				75FF5D621C887911006A5D9E /* Info.plist */,
			);
			path = LoginUITests;
			sourceTree = "<group>";
		};
/* End PBXGroup section */

/* Begin PBXNativeTarget section */
		75FF5D3C1C887910006A5D9E /* Login */ = {
			isa = PBXNativeTarget;
			buildConfigurationList = 75FF5D651C887911006A5D9E /* Build configuration list for PBXNativeTarget "Login" */;
			buildPhases = (
				75FF5D391C887910006A5D9E /* Sources */,
				75FF5D3A1C887910006A5D9E /* Frameworks */,
				75FF5D3B1C887910006A5D9E /* Resources */,
			);
			buildRules = (
			);
			dependencies = (
			);
			name = Login;
			productName = Login;
			productReference = 75FF5D3D1C887910006A5D9E /* Login.app */;
			productType = "com.apple.product-type.application";
		};
		75FF5D501C887911006A5D9E /* LoginTests */ = {
			isa = PBXNativeTarget;
			buildConfigurationList = 75FF5D681C887911006A5D9E /* Build configuration list for PBXNativeTarget "LoginTests" */;
			buildPhases = (
				75FF5D4D1C887911006A5D9E /* Sources */,
				75FF5D4E1C887911006A5D9E /* Frameworks */,
				75FF5D4F1C887911006A5D9E /* Resources */,
			);
			buildRules = (
			);
			dependencies = (
				75FF5D531C887911006A5D9E /* PBXTargetDependency */,
			);
			name = LoginTests;
			productName = LoginTests;
			productReference = 75FF5D511C887911006A5D9E /* LoginTests.xctest */;
			productType = "com.apple.product-type.bundle.unit-test";
		};
		75FF5D5B1C887911006A5D9E /* LoginUITests */ = {
			isa = PBXNativeTarget;
			buildConfigurationList = 75FF5D6B1C887911006A5D9E /* Build configuration list for PBXNativeTarget "LoginUITests" */;
			buildPhases = (
				75FF5D581C887911006A5D9E /* Sources */,
				75FF5D591C887911006A5D9E /* Frameworks */,
				75FF5D5A1C887911006A5D9E /* Resources */,
			);
			buildRules = (
			);
			dependencies = (
				75FF5D5E1C887911006A5D9E /* PBXTargetDependency */,
			);
			name = LoginUITests;
			productName = LoginUITests;
			productReference = 75FF5D5C1C887911006A5D9E /* LoginUITests.xctest */;
			productType = "com.apple.product-type.bundle.ui-testing";
		};
/* End PBXNativeTarget section */

/* Begin PBXProject section */
		75FF5D351C887910006A5D9E /* Project object */ = {
			isa = PBXProject;
			attributes = {
				LastSwiftUpdateCheck = 0720;
				LastUpgradeCheck = 0720;
				ORGANIZATIONNAME = zmj;
				TargetAttributes = {
					75FF5D3C1C887910006A5D9E = {
						CreatedOnToolsVersion = 7.2.1;
					};
					75FF5D501C887911006A5D9E = {
						CreatedOnToolsVersion = 7.2.1;
						TestTargetID = 75FF5D3C1C887910006A5D9E;
					};
					75FF5D5B1C887911006A5D9E = {
						CreatedOnToolsVersion = 7.2.1;
						TestTargetID = 75FF5D3C1C887910006A5D9E;
					};
				};
			};
			buildConfigurationList = 75FF5D381C887910006A5D9E /* Build configuration list for PBXProject "Login" */;
			compatibilityVersion = "Xcode 3.2";
			developmentRegion = English;
			hasScannedForEncodings = 0;
			knownRegions = (
				en,
				Base,
			);
			mainGroup = 75FF5D341C887910006A5D9E;
			productRefGroup = 75FF5D3E1C887910006A5D9E /* Products */;
			projectDirPath = "";
			projectRoot = "";
			targets = (
				75FF5D3C1C887910006A5D9E /* Login */,
				75FF5D501C887911006A5D9E /* LoginTests */,
				75FF5D5B1C887911006A5D9E /* LoginUITests */,
			);
		};
/* End PBXProject section */

/* Begin PBXResourcesBuildPhase section */
		75FF5D3B1C887910006A5D9E /* Resources */ = {
			isa = PBXResourcesBuildPhase;
			buildActionMask = 2147483647;
			files = (
				75FF5D4B1C887911006A5D9E /* LaunchScreen.storyboard in Resources */,
				75FF5D481C887911006A5D9E /* Assets.xcassets in Resources */,
				75FF5D461C887911006A5D9E /* Main.storyboard in Resources */,
			);
			runOnlyForDeploymentPostprocessing = 0;
		};
		75FF5D4F1C887911006A5D9E /* Resources */ = {
			isa = PBXResourcesBuildPhase;
			buildActionMask = 2147483647;
			files = (
			);
			runOnlyForDeploymentPostprocessing = 0;
		};
		75FF5D5A1C887911006A5D9E /* Resources */ = {
			isa = PBXResourcesBuildPhase;
			buildActionMask = 2147483647;
			files = (
			);
			runOnlyForDeploymentPostprocessing = 0;
		};
/* End PBXResourcesBuildPhase section */

/* Begin PBXSourcesBuildPhase section */
		75FF5D391C887910006A5D9E /* Sources */ = {
			isa = PBXSourcesBuildPhase;
			buildActionMask = 2147483647;
			files = (
				75FF5D431C887911006A5D9E /* ViewController.swift in Sources */,
				75FF5D411C887911006A5D9E /* AppDelegate.swift in Sources */,
				75FF5D6F1C8920BD006A5D9E /* SplasViewController.swift in Sources */,
			);
			runOnlyForDeploymentPostprocessing = 0;
		};
		75FF5D4D1C887911006A5D9E /* Sources */ = {
			isa = PBXSourcesBuildPhase;
			buildActionMask = 2147483647;
			files = (
				75FF5D561C887911006A5D9E /* LoginTests.swift in Sources */,
			);
			runOnlyForDeploymentPostprocessing = 0;
		};
		75FF5D581C887911006A5D9E /* Sources */ = {
			isa = PBXSourcesBuildPhase;
			buildActionMask = 2147483647;
			files = (
				75FF5D611C887911006A5D9E /* LoginUITests.swift in Sources */,
			);
			runOnlyForDeploymentPostprocessing = 0;
		};
/* End PBXSourcesBuildPhase section */

/* Begin PBXTargetDependency section */
		75FF5D531C887911006A5D9E /* PBXTargetDependency */ = {
			isa = PBXTargetDependency;
			target = 75FF5D3C1C887910006A5D9E /* Login */;
			targetProxy = 75FF5D521C887911006A5D9E /* PBXContainerItemProxy */;
		};
		75FF5D5E1C887911006A5D9E /* PBXTargetDependency */ = {
			isa = PBXTargetDependency;
			target = 75FF5D3C1C887910006A5D9E /* Login */;
			targetProxy = 75FF5D5D1C887911006A5D9E /* PBXContainerItemProxy */;
		};
/* End PBXTargetDependency section */

/* Begin PBXVariantGroup section */
		75FF5D441C887911006A5D9E /* Main.storyboard */ = {
			isa = PBXVariantGroup;
			children = (
				75FF5D451C887911006A5D9E /* Base */,
			);
			name = Main.storyboard;
			sourceTree = "<group>";
		};
		75FF5D491C887911006A5D9E /* LaunchScreen.storyboard */ = {
			isa = PBXVariantGroup;
			children = (
				75FF5D4A1C887911006A5D9E /* Base */,
			);
			name = LaunchScreen.storyboard;
			sourceTree = "<group>";
		};
/* End PBXVariantGroup section */

/* Begin XCBuildConfiguration section */
		75FF5D631C887911006A5D9E /* Debug */ = {
			isa = XCBuildConfiguration;
			buildSettings = {
				ALWAYS_SEARCH_USER_PATHS = NO;
				CLANG_CXX_LANGUAGE_STANDARD = "gnu++0x";
				CLANG_CXX_LIBRARY = "libc++";
				CLANG_ENABLE_MODULES = YES;
				CLANG_ENABLE_OBJC_ARC = YES;
				CLANG_WARN_BOOL_CONVERSION = YES;
				CLANG_WARN_CONSTANT_CONVERSION = YES;
				CLANG_WARN_DIRECT_OBJC_ISA_USAGE = YES_ERROR;
				CLANG_WARN_EMPTY_BODY = YES;
				CLANG_WARN_ENUM_CONVERSION = YES;
				CLANG_WARN_INT_CONVERSION = YES;
				CLANG_WARN_OBJC_ROOT_CLASS = YES_ERROR;
				CLANG_WARN_UNREACHABLE_CODE = YES;
				CLANG_WARN__DUPLICATE_METHOD_MATCH = YES;
				"CODE_SIGN_IDENTITY[sdk=iphoneos*]" = "iPhone Developer";
				COPY_PHASE_STRIP = NO;
				DEBUG_INFORMATION_FORMAT = dwarf;
				ENABLE_STRICT_OBJC_MSGSEND = YES;
				ENABLE_TESTABILITY = YES;
				GCC_C_LANGUAGE_STANDARD = gnu99;
				GCC_DYNAMIC_NO_PIC = NO;
				GCC_NO_COMMON_BLOCKS = YES;
				GCC_OPTIMIZATION_LEVEL = 0;
				GCC_PREPROCESSOR_DEFINITIONS = (
					"DEBUG=1",
					"$(inherited)",
				);
				GCC_WARN_64_TO_32_BIT_CONVERSION = YES;
				GCC_WARN_ABOUT_RETURN_TYPE = YES_ERROR;
				GCC_WARN_UNDECLARED_SELECTOR = YES;
				GCC_WARN_UNINITIALIZED_AUTOS = YES_AGGRESSIVE;
				GCC_WARN_UNUSED_FUNCTION = YES;
				GCC_WARN_UNUSED_VARIABLE = YES;
				IPHONEOS_DEPLOYMENT_TARGET = 9.2;
				MTL_ENABLE_DEBUG_INFO = YES;
				ONLY_ACTIVE_ARCH = YES;
				SDKROOT = iphoneos;
				SWIFT_OPTIMIZATION_LEVEL = "-Onone";
				TARGETED_DEVICE_FAMILY = "1,2";
			};
			name = Debug;
		};
		75FF5D641C887911006A5D9E /* Release */ = {
			isa = XCBuildConfiguration;
			buildSettings = {
				ALWAYS_SEARCH_USER_PATHS = NO;
				CLANG_CXX_LANGUAGE_STANDARD = "gnu++0x";
				CLANG_CXX_LIBRARY = "libc++";
				CLANG_ENABLE_MODULES = YES;
				CLANG_ENABLE_OBJC_ARC = YES;
				CLANG_WARN_BOOL_CONVERSION = YES;
				CLANG_WARN_CONSTANT_CONVERSION = YES;
				CLANG_WARN_DIRECT_OBJC_ISA_USAGE = YES_ERROR;
				CLANG_WARN_EMPTY_BODY = YES;
				CLANG_WARN_ENUM_CONVERSION = YES;
				CLANG_WARN_INT_CONVERSION = YES;
				CLANG_WARN_OBJC_ROOT_CLASS = YES_ERROR;
				CLANG_WARN_UNREACHABLE_CODE = YES;
				CLANG_WARN__DUPLICATE_METHOD_MATCH = YES;
				"CODE_SIGN_IDENTITY[sdk=iphoneos*]" = "iPhone Developer";
				COPY_PHASE_STRIP = NO;
				DEBUG_INFORMATION_FORMAT = "dwarf-with-dsym";
				ENABLE_NS_ASSERTIONS = NO;
				ENABLE_STRICT_OBJC_MSGSEND = YES;
				GCC_C_LANGUAGE_STANDARD = gnu99;
				GCC_NO_COMMON_BLOCKS = YES;
				GCC_WARN_64_TO_32_BIT_CONVERSION = YES;
				GCC_WARN_ABOUT_RETURN_TYPE = YES_ERROR;
				GCC_WARN_UNDECLARED_SELECTOR = YES;
				GCC_WARN_UNINITIALIZED_AUTOS = YES_AGGRESSIVE;
				GCC_WARN_UNUSED_FUNCTION = YES;
				GCC_WARN_UNUSED_VARIABLE = YES;
				IPHONEOS_DEPLOYMENT_TARGET = 9.2;
				MTL_ENABLE_DEBUG_INFO = NO;
				SDKROOT = iphoneos;
				TARGETED_DEVICE_FAMILY = "1,2";
				VALIDATE_PRODUCT = YES;
			};
			name = Release;
		};
		75FF5D661C887911006A5D9E /* Debug */ = {
			isa = XCBuildConfiguration;
			buildSettings = {
				ASSETCATALOG_COMPILER_APPICON_NAME = AppIcon;
				INFOPLIST_FILE = Login/Info.plist;
				LD_RUNPATH_SEARCH_PATHS = "$(inherited) @executable_path/Frameworks";
				PRODUCT_BUNDLE_IDENTIFIER = zmj.Login;
				PRODUCT_NAME = "$(TARGET_NAME)";
			};
			name = Debug;
		};
		75FF5D671C887911006A5D9E /* Release */ = {
			isa = XCBuildConfiguration;
			buildSettings = {
				ASSETCATALOG_COMPILER_APPICON_NAME = AppIcon;
				INFOPLIST_FILE = Login/Info.plist;
				LD_RUNPATH_SEARCH_PATHS = "$(inherited) @executable_path/Frameworks";
				PRODUCT_BUNDLE_IDENTIFIER = zmj.Login;
				PRODUCT_NAME = "$(TARGET_NAME)";
			};
			name = Release;
		};
		75FF5D691C887911006A5D9E /* Debug */ = {
			isa = XCBuildConfiguration;
			buildSettings = {
				BUNDLE_LOADER = "$(TEST_HOST)";
				INFOPLIST_FILE = LoginTests/Info.plist;
				LD_RUNPATH_SEARCH_PATHS = "$(inherited) @executable_path/Frameworks @loader_path/Frameworks";
				PRODUCT_BUNDLE_IDENTIFIER = zmj.LoginTests;
				PRODUCT_NAME = "$(TARGET_NAME)";
				TEST_HOST = "$(BUILT_PRODUCTS_DIR)/Login.app/Login";
			};
			name = Debug;
		};
		75FF5D6A1C887911006A5D9E /* Release */ = {
			isa = XCBuildConfiguration;
			buildSettings = {
				BUNDLE_LOADER = "$(TEST_HOST)";
				INFOPLIST_FILE = LoginTests/Info.plist;
				LD_RUNPATH_SEARCH_PATHS = "$(inherited) @executable_path/Frameworks @loader_path/Frameworks";
				PRODUCT_BUNDLE_IDENTIFIER = zmj.LoginTests;
				PRODUCT_NAME = "$(TARGET_NAME)";
				TEST_HOST = "$(BUILT_PRODUCTS_DIR)/Login.app/Login";
			};
			name = Release;
		};
		75FF5D6C1C887911006A5D9E /* Debug */ = {
			isa = XCBuildConfiguration;
			buildSettings = {
				INFOPLIST_FILE = LoginUITests/Info.plist;
				LD_RUNPATH_SEARCH_PATHS = "$(inherited) @executable_path/Frameworks @loader_path/Frameworks";
				PRODUCT_BUNDLE_IDENTIFIER = zmj.LoginUITests;
				PRODUCT_NAME = "$(TARGET_NAME)";
				TEST_TARGET_NAME = Login;
				USES_XCTRUNNER = YES;
			};
			name = Debug;
		};
		75FF5D6D1C887911006A5D9E /* Release */ = {
			isa = XCBuildConfiguration;
			buildSettings = {
				INFOPLIST_FILE = LoginUITests/Info.plist;
				LD_RUNPATH_SEARCH_PATHS = "$(inherited) @executable_path/Frameworks @loader_path/Frameworks";
				PRODUCT_BUNDLE_IDENTIFIER = zmj.LoginUITests;
				PRODUCT_NAME = "$(TARGET_NAME)";
				TEST_TARGET_NAME = Login;
				USES_XCTRUNNER = YES;
			};
			name = Release;
		};
/* End XCBuildConfiguration section */

/* Begin XCConfigurationList section */
		75FF5D381C887910006A5D9E /* Build configuration list for PBXProject "Login" */ = {
			isa = XCConfigurationList;
			buildConfigurations = (
				75FF5D631C887911006A5D9E /* Debug */,
				75FF5D641C887911006A5D9E /* Release */,
			);
			defaultConfigurationIsVisible = 0;
			defaultConfigurationName = Release;
		};
		75FF5D651C887911006A5D9E /* Build configuration list for PBXNativeTarget "Login" */ = {
			isa = XCConfigurationList;
			buildConfigurations = (
				75FF5D661C887911006A5D9E /* Debug */,
				75FF5D671C887911006A5D9E /* Release */,
			);
			defaultConfigurationIsVisible = 0;
			defaultConfigurationName = Release;
		};
		75FF5D681C887911006A5D9E /* Build configuration list for PBXNativeTarget "LoginTests" */ = {
			isa = XCConfigurationList;
			buildConfigurations = (
				75FF5D691C887911006A5D9E /* Debug */,
				75FF5D6A1C887911006A5D9E /* Release */,
			);
			defaultConfigurationIsVisible = 0;
			defaultConfigurationName = Release;
		};
		75FF5D6B1C887911006A5D9E /* Build configuration list for PBXNativeTarget "LoginUITests" */ = {
			isa = XCConfigurationList;
			buildConfigurations = (
				75FF5D6C1C887911006A5D9E /* Debug */,
				75FF5D6D1C887911006A5D9E /* Release */,
			);
			defaultConfigurationIsVisible = 0;
			defaultConfigurationName = Release;
		};
/* End XCConfigurationList section */
	};
	rootObject = 75FF5D351C887910006A5D9E /* Project object */;
}
