// !$*UTF8*$!
{
	archiveVersion = 1;
	classes = {
	};
	objectVersion = 46;
	objects = {

/* Begin PBXBuildFile section */
		75F025C31C8EAFBF001F9490 /* AppDelegate.swift in Sources */ = {isa = PBXBuildFile; fileRef = 75F025C21C8EAFBF001F9490 /* AppDelegate.swift */; };
		75F025C51C8EAFBF001F9490 /* ViewController.swift in Sources */ = {isa = PBXBuildFile; fileRef = 75F025C41C8EAFBF001F9490 /* ViewController.swift */; };
		75F025C81C8EAFBF001F9490 /* Main.storyboard in Resources */ = {isa = PBXBuildFile; fileRef = 75F025C61C8EAFBF001F9490 /* Main.storyboard */; };
		75F025CA1C8EAFBF001F9490 /* Assets.xcassets in Resources */ = {isa = PBXBuildFile; fileRef = 75F025C91C8EAFBF001F9490 /* Assets.xcassets */; };
		75F025CD1C8EAFBF001F9490 /* LaunchScreen.storyboard in Resources */ = {isa = PBXBuildFile; fileRef = 75F025CB1C8EAFBF001F9490 /* LaunchScreen.storyboard */; };
		75F025D81C8EAFBF001F9490 /* tumblrMenuTests.swift in Sources */ = {isa = PBXBuildFile; fileRef = 75F025D71C8EAFBF001F9490 /* tumblrMenuTests.swift */; };
		75F025E31C8EAFBF001F9490 /* tumblrMenuUITests.swift in Sources */ = {isa = PBXBuildFile; fileRef = 75F025E21C8EAFBF001F9490 /* tumblrMenuUITests.swift */; };
/* End PBXBuildFile section */

/* Begin PBXContainerItemProxy section */
		75F025D41C8EAFBF001F9490 /* PBXContainerItemProxy */ = {
			isa = PBXContainerItemProxy;
			containerPortal = 75F025B71C8EAFBF001F9490 /* Project object */;
			proxyType = 1;
			remoteGlobalIDString = 75F025BE1C8EAFBF001F9490;
			remoteInfo = tumblrMenu;
		};
		75F025DF1C8EAFBF001F9490 /* PBXContainerItemProxy */ = {
			isa = PBXContainerItemProxy;
			containerPortal = 75F025B71C8EAFBF001F9490 /* Project object */;
			proxyType = 1;
			remoteGlobalIDString = 75F025BE1C8EAFBF001F9490;
			remoteInfo = tumblrMenu;
		};
/* End PBXContainerItemProxy section */

/* Begin PBXFileReference section */
		75F025BF1C8EAFBF001F9490 /* tumblrMenu.app */ = {isa = PBXFileReference; explicitFileType = wrapper.application; includeInIndex = 0; path = tumblrMenu.app; sourceTree = BUILT_PRODUCTS_DIR; };
		75F025C21C8EAFBF001F9490 /* AppDelegate.swift */ = {isa = PBXFileReference; lastKnownFileType = sourcecode.swift; path = AppDelegate.swift; sourceTree = "<group>"; };
		75F025C41C8EAFBF001F9490 /* ViewController.swift */ = {isa = PBXFileReference; lastKnownFileType = sourcecode.swift; path = ViewController.swift; sourceTree = "<group>"; };
		75F025C71C8EAFBF001F9490 /* Base */ = {isa = PBXFileReference; lastKnownFileType = file.storyboard; name = Base; path = Base.lproj/Main.storyboard; sourceTree = "<group>"; };
		75F025C91C8EAFBF001F9490 /* Assets.xcassets */ = {isa = PBXFileReference; lastKnownFileType = folder.assetcatalog; path = Assets.xcassets; sourceTree = "<group>"; };
		75F025CC1C8EAFBF001F9490 /* Base */ = {isa = PBXFileReference; lastKnownFileType = file.storyboard; name = Base; path = Base.lproj/LaunchScreen.storyboard; sourceTree = "<group>"; };
		75F025CE1C8EAFBF001F9490 /* Info.plist */ = {isa = PBXFileReference; lastKnownFileType = text.plist.xml; path = Info.plist; sourceTree = "<group>"; };
		75F025D31C8EAFBF001F9490 /* tumblrMenuTests.xctest */ = {isa = PBXFileReference; explicitFileType = wrapper.cfbundle; includeInIndex = 0; path = tumblrMenuTests.xctest; sourceTree = BUILT_PRODUCTS_DIR; };
		75F025D71C8EAFBF001F9490 /* tumblrMenuTests.swift */ = {isa = PBXFileReference; lastKnownFileType = sourcecode.swift; path = tumblrMenuTests.swift; sourceTree = "<group>"; };
		75F025D91C8EAFBF001F9490 /* Info.plist */ = {isa = PBXFileReference; lastKnownFileType = text.plist.xml; path = Info.plist; sourceTree = "<group>"; };
		75F025DE1C8EAFBF001F9490 /* tumblrMenuUITests.xctest */ = {isa = PBXFileReference; explicitFileType = wrapper.cfbundle; includeInIndex = 0; path = tumblrMenuUITests.xctest; sourceTree = BUILT_PRODUCTS_DIR; };
		75F025E21C8EAFBF001F9490 /* tumblrMenuUITests.swift */ = {isa = PBXFileReference; lastKnownFileType = sourcecode.swift; path = tumblrMenuUITests.swift; sourceTree = "<group>"; };
		75F025E41C8EAFBF001F9490 /* Info.plist */ = {isa = PBXFileReference; lastKnownFileType = text.plist.xml; path = Info.plist; sourceTree = "<group>"; };
/* End PBXFileReference section */

/* Begin PBXFrameworksBuildPhase section */
		75F025BC1C8EAFBF001F9490 /* Frameworks */ = {
			isa = PBXFrameworksBuildPhase;
			buildActionMask = 2147483647;
			files = (
			);
			runOnlyForDeploymentPostprocessing = 0;
		};
		75F025D01C8EAFBF001F9490 /* Frameworks */ = {
			isa = PBXFrameworksBuildPhase;
			buildActionMask = 2147483647;
			files = (
			);
			runOnlyForDeploymentPostprocessing = 0;
		};
		75F025DB1C8EAFBF001F9490 /* Frameworks */ = {
			isa = PBXFrameworksBuildPhase;
			buildActionMask = 2147483647;
			files = (
			);
			runOnlyForDeploymentPostprocessing = 0;
		};
/* End PBXFrameworksBuildPhase section */

/* Begin PBXGroup section */
		75F025B61C8EAFBF001F9490 = {
			isa = PBXGroup;
			children = (
				75F025C11C8EAFBF001F9490 /* tumblrMenu */,
				75F025D61C8EAFBF001F9490 /* tumblrMenuTests */,
				75F025E11C8EAFBF001F9490 /* tumblrMenuUITests */,
				75F025C01C8EAFBF001F9490 /* Products */,
			);
			sourceTree = "<group>";
		};
		75F025C01C8EAFBF001F9490 /* Products */ = {
			isa = PBXGroup;
			children = (
				75F025BF1C8EAFBF001F9490 /* tumblrMenu.app */,
				75F025D31C8EAFBF001F9490 /* tumblrMenuTests.xctest */,
				75F025DE1C8EAFBF001F9490 /* tumblrMenuUITests.xctest */,
			);
			name = Products;
			sourceTree = "<group>";
		};
		75F025C11C8EAFBF001F9490 /* tumblrMenu */ = {
			isa = PBXGroup;
			children = (
				75F025C21C8EAFBF001F9490 /* AppDelegate.swift */,
				75F025C41C8EAFBF001F9490 /* ViewController.swift */,
				75F025C61C8EAFBF001F9490 /* Main.storyboard */,
				75F025C91C8EAFBF001F9490 /* Assets.xcassets */,
				75F025CB1C8EAFBF001F9490 /* LaunchScreen.storyboard */,
				75F025CE1C8EAFBF001F9490 /* Info.plist */,
			);
			path = tumblrMenu;
			sourceTree = "<group>";
		};
		75F025D61C8EAFBF001F9490 /* tumblrMenuTests */ = {
			isa = PBXGroup;
			children = (
				75F025D71C8EAFBF001F9490 /* tumblrMenuTests.swift */,
				75F025D91C8EAFBF001F9490 /* Info.plist */,
			);
			path = tumblrMenuTests;
			sourceTree = "<group>";
		};
		75F025E11C8EAFBF001F9490 /* tumblrMenuUITests */ = {
			isa = PBXGroup;
			children = (
				75F025E21C8EAFBF001F9490 /* tumblrMenuUITests.swift */,
				75F025E41C8EAFBF001F9490 /* Info.plist */,
			);
			path = tumblrMenuUITests;
			sourceTree = "<group>";
		};
/* End PBXGroup section */

/* Begin PBXNativeTarget section */
		75F025BE1C8EAFBF001F9490 /* tumblrMenu */ = {
			isa = PBXNativeTarget;
			buildConfigurationList = 75F025E71C8EAFBF001F9490 /* Build configuration list for PBXNativeTarget "tumblrMenu" */;
			buildPhases = (
				75F025BB1C8EAFBF001F9490 /* Sources */,
				75F025BC1C8EAFBF001F9490 /* Frameworks */,
				75F025BD1C8EAFBF001F9490 /* Resources */,
			);
			buildRules = (
			);
			dependencies = (
			);
			name = tumblrMenu;
			productName = tumblrMenu;
			productReference = 75F025BF1C8EAFBF001F9490 /* tumblrMenu.app */;
			productType = "com.apple.product-type.application";
		};
		75F025D21C8EAFBF001F9490 /* tumblrMenuTests */ = {
			isa = PBXNativeTarget;
			buildConfigurationList = 75F025EA1C8EAFBF001F9490 /* Build configuration list for PBXNativeTarget "tumblrMenuTests" */;
			buildPhases = (
				75F025CF1C8EAFBF001F9490 /* Sources */,
				75F025D01C8EAFBF001F9490 /* Frameworks */,
				75F025D11C8EAFBF001F9490 /* Resources */,
			);
			buildRules = (
			);
			dependencies = (
				75F025D51C8EAFBF001F9490 /* PBXTargetDependency */,
			);
			name = tumblrMenuTests;
			productName = tumblrMenuTests;
			productReference = 75F025D31C8EAFBF001F9490 /* tumblrMenuTests.xctest */;
			productType = "com.apple.product-type.bundle.unit-test";
		};
		75F025DD1C8EAFBF001F9490 /* tumblrMenuUITests */ = {
			isa = PBXNativeTarget;
			buildConfigurationList = 75F025ED1C8EAFBF001F9490 /* Build configuration list for PBXNativeTarget "tumblrMenuUITests" */;
			buildPhases = (
				75F025DA1C8EAFBF001F9490 /* Sources */,
				75F025DB1C8EAFBF001F9490 /* Frameworks */,
				75F025DC1C8EAFBF001F9490 /* Resources */,
			);
			buildRules = (
			);
			dependencies = (
				75F025E01C8EAFBF001F9490 /* PBXTargetDependency */,
			);
			name = tumblrMenuUITests;
			productName = tumblrMenuUITests;
			productReference = 75F025DE1C8EAFBF001F9490 /* tumblrMenuUITests.xctest */;
			productType = "com.apple.product-type.bundle.ui-testing";
		};
/* End PBXNativeTarget section */

/* Begin PBXProject section */
		75F025B71C8EAFBF001F9490 /* Project object */ = {
			isa = PBXProject;
			attributes = {
				LastSwiftUpdateCheck = 0720;
				LastUpgradeCheck = 0720;
				ORGANIZATIONNAME = zmj;
				TargetAttributes = {
					75F025BE1C8EAFBF001F9490 = {
						CreatedOnToolsVersion = 7.2.1;
					};
					75F025D21C8EAFBF001F9490 = {
						CreatedOnToolsVersion = 7.2.1;
						TestTargetID = 75F025BE1C8EAFBF001F9490;
					};
					75F025DD1C8EAFBF001F9490 = {
						CreatedOnToolsVersion = 7.2.1;
						TestTargetID = 75F025BE1C8EAFBF001F9490;
					};
				};
			};
			buildConfigurationList = 75F025BA1C8EAFBF001F9490 /* Build configuration list for PBXProject "tumblrMenu" */;
			compatibilityVersion = "Xcode 3.2";
			developmentRegion = English;
			hasScannedForEncodings = 0;
			knownRegions = (
				en,
				Base,
			);
			mainGroup = 75F025B61C8EAFBF001F9490;
			productRefGroup = 75F025C01C8EAFBF001F9490 /* Products */;
			projectDirPath = "";
			projectRoot = "";
			targets = (
				75F025BE1C8EAFBF001F9490 /* tumblrMenu */,
				75F025D21C8EAFBF001F9490 /* tumblrMenuTests */,
				75F025DD1C8EAFBF001F9490 /* tumblrMenuUITests */,
			);
		};
/* End PBXProject section */

/* Begin PBXResourcesBuildPhase section */
		75F025BD1C8EAFBF001F9490 /* Resources */ = {
			isa = PBXResourcesBuildPhase;
			buildActionMask = 2147483647;
			files = (
				75F025CD1C8EAFBF001F9490 /* LaunchScreen.storyboard in Resources */,
				75F025CA1C8EAFBF001F9490 /* Assets.xcassets in Resources */,
				75F025C81C8EAFBF001F9490 /* Main.storyboard in Resources */,
			);
			runOnlyForDeploymentPostprocessing = 0;
		};
		75F025D11C8EAFBF001F9490 /* Resources */ = {
			isa = PBXResourcesBuildPhase;
			buildActionMask = 2147483647;
			files = (
			);
			runOnlyForDeploymentPostprocessing = 0;
		};
		75F025DC1C8EAFBF001F9490 /* Resources */ = {
			isa = PBXResourcesBuildPhase;
			buildActionMask = 2147483647;
			files = (
			);
			runOnlyForDeploymentPostprocessing = 0;
		};
/* End PBXResourcesBuildPhase section */

/* Begin PBXSourcesBuildPhase section */
		75F025BB1C8EAFBF001F9490 /* Sources */ = {
			isa = PBXSourcesBuildPhase;
			buildActionMask = 2147483647;
			files = (
				75F025C51C8EAFBF001F9490 /* ViewController.swift in Sources */,
				75F025C31C8EAFBF001F9490 /* AppDelegate.swift in Sources */,
			);
			runOnlyForDeploymentPostprocessing = 0;
		};
		75F025CF1C8EAFBF001F9490 /* Sources */ = {
			isa = PBXSourcesBuildPhase;
			buildActionMask = 2147483647;
			files = (
				75F025D81C8EAFBF001F9490 /* tumblrMenuTests.swift in Sources */,
			);
			runOnlyForDeploymentPostprocessing = 0;
		};
		75F025DA1C8EAFBF001F9490 /* Sources */ = {
			isa = PBXSourcesBuildPhase;
			buildActionMask = 2147483647;
			files = (
				75F025E31C8EAFBF001F9490 /* tumblrMenuUITests.swift in Sources */,
			);
			runOnlyForDeploymentPostprocessing = 0;
		};
/* End PBXSourcesBuildPhase section */

/* Begin PBXTargetDependency section */
		75F025D51C8EAFBF001F9490 /* PBXTargetDependency */ = {
			isa = PBXTargetDependency;
			target = 75F025BE1C8EAFBF001F9490 /* tumblrMenu */;
			targetProxy = 75F025D41C8EAFBF001F9490 /* PBXContainerItemProxy */;
		};
		75F025E01C8EAFBF001F9490 /* PBXTargetDependency */ = {
			isa = PBXTargetDependency;
			target = 75F025BE1C8EAFBF001F9490 /* tumblrMenu */;
			targetProxy = 75F025DF1C8EAFBF001F9490 /* PBXContainerItemProxy */;
		};
/* End PBXTargetDependency section */

/* Begin PBXVariantGroup section */
		75F025C61C8EAFBF001F9490 /* Main.storyboard */ = {
			isa = PBXVariantGroup;
			children = (
				75F025C71C8EAFBF001F9490 /* Base */,
			);
			name = Main.storyboard;
			sourceTree = "<group>";
		};
		75F025CB1C8EAFBF001F9490 /* LaunchScreen.storyboard */ = {
			isa = PBXVariantGroup;
			children = (
				75F025CC1C8EAFBF001F9490 /* Base */,
			);
			name = LaunchScreen.storyboard;
			sourceTree = "<group>";
		};
/* End PBXVariantGroup section */

/* Begin XCBuildConfiguration section */
		75F025E51C8EAFBF001F9490 /* Debug */ = {
			isa = XCBuildConfiguration;
			buildSettings = {
				ALWAYS_SEARCH_USER_PATHS = NO;
				CLANG_CXX_LANGUAGE_STANDARD = "gnu++0x";
				CLANG_CXX_LIBRARY = "libc++";
				CLANG_ENABLE_MODULES = YES;
				CLANG_ENABLE_OBJC_ARC = YES;
				CLANG_WARN_BOOL_CONVERSION = YES;
				CLANG_WARN_CONSTANT_CONVERSION = YES;
				CLANG_WARN_DIRECT_OBJC_ISA_USAGE = YES_ERROR;
				CLANG_WARN_EMPTY_BODY = YES;
				CLANG_WARN_ENUM_CONVERSION = YES;
				CLANG_WARN_INT_CONVERSION = YES;
				CLANG_WARN_OBJC_ROOT_CLASS = YES_ERROR;
				CLANG_WARN_UNREACHABLE_CODE = YES;
				CLANG_WARN__DUPLICATE_METHOD_MATCH = YES;
				"CODE_SIGN_IDENTITY[sdk=iphoneos*]" = "iPhone Developer";
				COPY_PHASE_STRIP = NO;
				DEBUG_INFORMATION_FORMAT = dwarf;
				ENABLE_STRICT_OBJC_MSGSEND = YES;
				ENABLE_TESTABILITY = YES;
				GCC_C_LANGUAGE_STANDARD = gnu99;
				GCC_DYNAMIC_NO_PIC = NO;
				GCC_NO_COMMON_BLOCKS = YES;
				GCC_OPTIMIZATION_LEVEL = 0;
				GCC_PREPROCESSOR_DEFINITIONS = (
					"DEBUG=1",
					"$(inherited)",
				);
				GCC_WARN_64_TO_32_BIT_CONVERSION = YES;
				GCC_WARN_ABOUT_RETURN_TYPE = YES_ERROR;
				GCC_WARN_UNDECLARED_SELECTOR = YES;
				GCC_WARN_UNINITIALIZED_AUTOS = YES_AGGRESSIVE;
				GCC_WARN_UNUSED_FUNCTION = YES;
				GCC_WARN_UNUSED_VARIABLE = YES;
				IPHONEOS_DEPLOYMENT_TARGET = 9.2;
				MTL_ENABLE_DEBUG_INFO = YES;
				ONLY_ACTIVE_ARCH = YES;
				SDKROOT = iphoneos;
				SWIFT_OPTIMIZATION_LEVEL = "-Onone";
				TARGETED_DEVICE_FAMILY = "1,2";
			};
			name = Debug;
		};
		75F025E61C8EAFBF001F9490 /* Release */ = {
			isa = XCBuildConfiguration;
			buildSettings = {
				ALWAYS_SEARCH_USER_PATHS = NO;
				CLANG_CXX_LANGUAGE_STANDARD = "gnu++0x";
				CLANG_CXX_LIBRARY = "libc++";
				CLANG_ENABLE_MODULES = YES;
				CLANG_ENABLE_OBJC_ARC = YES;
				CLANG_WARN_BOOL_CONVERSION = YES;
				CLANG_WARN_CONSTANT_CONVERSION = YES;
				CLANG_WARN_DIRECT_OBJC_ISA_USAGE = YES_ERROR;
				CLANG_WARN_EMPTY_BODY = YES;
				CLANG_WARN_ENUM_CONVERSION = YES;
				CLANG_WARN_INT_CONVERSION = YES;
				CLANG_WARN_OBJC_ROOT_CLASS = YES_ERROR;
				CLANG_WARN_UNREACHABLE_CODE = YES;
				CLANG_WARN__DUPLICATE_METHOD_MATCH = YES;
				"CODE_SIGN_IDENTITY[sdk=iphoneos*]" = "iPhone Developer";
				COPY_PHASE_STRIP = NO;
				DEBUG_INFORMATION_FORMAT = "dwarf-with-dsym";
				ENABLE_NS_ASSERTIONS = NO;
				ENABLE_STRICT_OBJC_MSGSEND = YES;
				GCC_C_LANGUAGE_STANDARD = gnu99;
				GCC_NO_COMMON_BLOCKS = YES;
				GCC_WARN_64_TO_32_BIT_CONVERSION = YES;
				GCC_WARN_ABOUT_RETURN_TYPE = YES_ERROR;
				GCC_WARN_UNDECLARED_SELECTOR = YES;
				GCC_WARN_UNINITIALIZED_AUTOS = YES_AGGRESSIVE;
				GCC_WARN_UNUSED_FUNCTION = YES;
				GCC_WARN_UNUSED_VARIABLE = YES;
				IPHONEOS_DEPLOYMENT_TARGET = 9.2;
				MTL_ENABLE_DEBUG_INFO = NO;
				SDKROOT = iphoneos;
				TARGETED_DEVICE_FAMILY = "1,2";
				VALIDATE_PRODUCT = YES;
			};
			name = Release;
		};
		75F025E81C8EAFBF001F9490 /* Debug */ = {
			isa = XCBuildConfiguration;
			buildSettings = {
				ASSETCATALOG_COMPILER_APPICON_NAME = AppIcon;
				INFOPLIST_FILE = tumblrMenu/Info.plist;
				LD_RUNPATH_SEARCH_PATHS = "$(inherited) @executable_path/Frameworks";
				PRODUCT_BUNDLE_IDENTIFIER = zmj.tumblrMenu;
				PRODUCT_NAME = "$(TARGET_NAME)";
			};
			name = Debug;
		};
		75F025E91C8EAFBF001F9490 /* Release */ = {
			isa = XCBuildConfiguration;
			buildSettings = {
				ASSETCATALOG_COMPILER_APPICON_NAME = AppIcon;
				INFOPLIST_FILE = tumblrMenu/Info.plist;
				LD_RUNPATH_SEARCH_PATHS = "$(inherited) @executable_path/Frameworks";
				PRODUCT_BUNDLE_IDENTIFIER = zmj.tumblrMenu;
				PRODUCT_NAME = "$(TARGET_NAME)";
			};
			name = Release;
		};
		75F025EB1C8EAFBF001F9490 /* Debug */ = {
			isa = XCBuildConfiguration;
			buildSettings = {
				BUNDLE_LOADER = "$(TEST_HOST)";
				INFOPLIST_FILE = tumblrMenuTests/Info.plist;
				LD_RUNPATH_SEARCH_PATHS = "$(inherited) @executable_path/Frameworks @loader_path/Frameworks";
				PRODUCT_BUNDLE_IDENTIFIER = zmj.tumblrMenuTests;
				PRODUCT_NAME = "$(TARGET_NAME)";
				TEST_HOST = "$(BUILT_PRODUCTS_DIR)/tumblrMenu.app/tumblrMenu";
			};
			name = Debug;
		};
		75F025EC1C8EAFBF001F9490 /* Release */ = {
			isa = XCBuildConfiguration;
			buildSettings = {
				BUNDLE_LOADER = "$(TEST_HOST)";
				INFOPLIST_FILE = tumblrMenuTests/Info.plist;
				LD_RUNPATH_SEARCH_PATHS = "$(inherited) @executable_path/Frameworks @loader_path/Frameworks";
				PRODUCT_BUNDLE_IDENTIFIER = zmj.tumblrMenuTests;
				PRODUCT_NAME = "$(TARGET_NAME)";
				TEST_HOST = "$(BUILT_PRODUCTS_DIR)/tumblrMenu.app/tumblrMenu";
			};
			name = Release;
		};
		75F025EE1C8EAFBF001F9490 /* Debug */ = {
			isa = XCBuildConfiguration;
			buildSettings = {
				INFOPLIST_FILE = tumblrMenuUITests/Info.plist;
				LD_RUNPATH_SEARCH_PATHS = "$(inherited) @executable_path/Frameworks @loader_path/Frameworks";
				PRODUCT_BUNDLE_IDENTIFIER = zmj.tumblrMenuUITests;
				PRODUCT_NAME = "$(TARGET_NAME)";
				TEST_TARGET_NAME = tumblrMenu;
				USES_XCTRUNNER = YES;
			};
			name = Debug;
		};
		75F025EF1C8EAFBF001F9490 /* Release */ = {
			isa = XCBuildConfiguration;
			buildSettings = {
				INFOPLIST_FILE = tumblrMenuUITests/Info.plist;
				LD_RUNPATH_SEARCH_PATHS = "$(inherited) @executable_path/Frameworks @loader_path/Frameworks";
				PRODUCT_BUNDLE_IDENTIFIER = zmj.tumblrMenuUITests;
				PRODUCT_NAME = "$(TARGET_NAME)";
				TEST_TARGET_NAME = tumblrMenu;
				USES_XCTRUNNER = YES;
			};
			name = Release;
		};
/* End XCBuildConfiguration section */

/* Begin XCConfigurationList section */
		75F025BA1C8EAFBF001F9490 /* Build configuration list for PBXProject "tumblrMenu" */ = {
			isa = XCConfigurationList;
			buildConfigurations = (
				75F025E51C8EAFBF001F9490 /* Debug */,
				75F025E61C8EAFBF001F9490 /* Release */,
			);
			defaultConfigurationIsVisible = 0;
			defaultConfigurationName = Release;
		};
		75F025E71C8EAFBF001F9490 /* Build configuration list for PBXNativeTarget "tumblrMenu" */ = {
			isa = XCConfigurationList;
			buildConfigurations = (
				75F025E81C8EAFBF001F9490 /* Debug */,
				75F025E91C8EAFBF001F9490 /* Release */,
			);
			defaultConfigurationIsVisible = 0;
		};
		75F025EA1C8EAFBF001F9490 /* Build configuration list for PBXNativeTarget "tumblrMenuTests" */ = {
			isa = XCConfigurationList;
			buildConfigurations = (
				75F025EB1C8EAFBF001F9490 /* Debug */,
				75F025EC1C8EAFBF001F9490 /* Release */,
			);
			defaultConfigurationIsVisible = 0;
		};
		75F025ED1C8EAFBF001F9490 /* Build configuration list for PBXNativeTarget "tumblrMenuUITests" */ = {
			isa = XCConfigurationList;
			buildConfigurations = (
				75F025EE1C8EAFBF001F9490 /* Debug */,
				75F025EF1C8EAFBF001F9490 /* Release */,
			);
			defaultConfigurationIsVisible = 0;
		};
/* End XCConfigurationList section */
	};
	rootObject = 75F025B71C8EAFBF001F9490 /* Project object */;
}
